
Microsoft Visual Studio Solution File, Format Version 12.00
# Visual Studio Version 17
VisualStudioVersion = 17.2.32616.157
MinimumVisualStudioVersion = 10.0.40219.1
Project("{FAE04EC0-301F-11D3-BF4B-00C04F79EFBC}") = "UserRegistration", "UserRegistration\UserRegistration.csproj", "{A99F9BE8-28FD-45A0-BB61-E568F5327666}"
EndProject
Project("{FAE04EC0-301F-11D3-BF4B-00C04F79EFBC}") = "TestProject", "TestProject\TestProject.csproj", "{F7119CAB-02F2-457D-BEB0-A1F4E5D61D40}"
EndProject
Global
	GlobalSection(SolutionConfigurationPlatforms) = preSolution
		Debug|Any CPU = Debug|Any CPU
		Release|Any CPU = Release|Any CPU
	EndGlobalSection
	GlobalSection(ProjectConfigurationPlatforms) = postSolution
		{A99F9BE8-28FD-45A0-BB61-E568F5327666}.Debug|Any CPU.ActiveCfg = Debug|Any CPU
		{A99F9BE8-28FD-45A0-BB61-E568F5327666}.Debug|Any CPU.Build.0 = Debug|Any CPU
		{A99F9BE8-28FD-45A0-BB61-E568F5327666}.Release|Any CPU.ActiveCfg = Release|Any CPU
		{A99F9BE8-28FD-45A0-BB61-E568F5327666}.Release|Any CPU.Build.0 = Release|Any CPU
		{F7119CAB-02F2-457D-BEB0-A1F4E5D61D40}.Debug|Any CPU.ActiveCfg = Debug|Any CPU
		{F7119CAB-02F2-457D-BEB0-A1F4E5D61D40}.Debug|Any CPU.Build.0 = Debug|Any CPU
		{F7119CAB-02F2-457D-BEB0-A1F4E5D61D40}.Release|Any CPU.ActiveCfg = Release|Any CPU
		{F7119CAB-02F2-457D-BEB0-A1F4E5D61D40}.Release|Any CPU.Build.0 = Release|Any CPU
	EndGlobalSection
	GlobalSection(SolutionProperties) = preSolution
		HideSolutionNode = FALSE
	EndGlobalSection
	GlobalSection(ExtensibilityGlobals) = postSolution
		SolutionGuid = {12EB5C28-48EE-4121-9559-30CFC392E51D}
	EndGlobalSection
EndGlobal
